
Microsoft Visual Studio Solution File, Format Version 12.00
# Visual Studio Version 17
VisualStudioVersion = 17.4.33110.190
MinimumVisualStudioVersion = 10.0.40219.1
Project("{8BC9CEB8-8B4A-11D0-8D11-00A0C91BC942}") = "taki", "taki.vcxproj", "{36610C13-A73D-4ED9-8830-9C60FE986846}"
EndProject
Global
	GlobalSection(SolutionConfigurationPlatforms) = preSolution
		Debug|x64 = Debug|x64
		Debug|x86 = Debug|x86
		Release|x64 = Release|x64
		Release|x86 = Release|x86
	EndGlobalSection
	GlobalSection(ProjectConfigurationPlatforms) = postSolution
		{36610C13-A73D-4ED9-8830-9C60FE986846}.Debug|x64.ActiveCfg = Debug|x64
		{36610C13-A73D-4ED9-8830-9C60FE986846}.Debug|x64.Build.0 = Debug|x64
		{36610C13-A73D-4ED9-8830-9C60FE986846}.Debug|x86.ActiveCfg = Debug|Win32
		{36610C13-A73D-4ED9-8830-9C60FE986846}.Debug|x86.Build.0 = Debug|Win32
		{36610C13-A73D-4ED9-8830-9C60FE986846}.Release|x64.ActiveCfg = Release|x64
		{36610C13-A73D-4ED9-8830-9C60FE986846}.Release|x64.Build.0 = Release|x64
		{36610C13-A73D-4ED9-8830-9C60FE986846}.Release|x86.ActiveCfg = Release|Win32
		{36610C13-A73D-4ED9-8830-9C60FE986846}.Release|x86.Build.0 = Release|Win32
	EndGlobalSection
	GlobalSection(SolutionProperties) = preSolution
		HideSolutionNode = FALSE
	EndGlobalSection
	GlobalSection(ExtensibilityGlobals) = postSolution
		SolutionGuid = {800B5C27-F6A1-4D45-AD3C-7A5C59BD3D59}
	EndGlobalSection
EndGlobal
